<Solution>
  <Project Path="src/ResearchAtlas.Application/ResearchAtlas.Application.csproj" Id="8e8479a5-9a1a-4cb8-b1aa-7d7f604bb710" />
  <Project Path="src/ResearchAtlas.Configuration/ResearchAtlas.Configuration.csproj" Id="acf187b5-ab40-4401-917f-ad5522cf9643" />
  <Project Path="src/ResearchAtlas.DependencyInjection/ResearchAtlas.DependencyInjection.csproj" Id="69c0134f-23a3-43a8-ab53-d18ee4929674" />
  <Project Path="src/ResearchAtlas.Domain/ResearchAtlas.Domain.csproj" />
</Solution>
